
Microsoft Visual Studio Solution File, Format Version 12.00
# Visual Studio Version 16
VisualStudioVersion = 16.0.30104.148
MinimumVisualStudioVersion = 10.0.40219.1
Project("{9A19103F-16F7-4668-BE54-9A1E7A4F7556}") = "PersonalNote", "PersonalNote\PersonalNote.csproj", "{C1FF1688-6399-4B01-8EAB-3C473FF26BE4}"
EndProject
Global
	GlobalSection(SolutionConfigurationPlatforms) = preSolution
		Debug|Any CPU = Debug|Any CPU
		Release|Any CPU = Release|Any CPU
	EndGlobalSection
	GlobalSection(ProjectConfigurationPlatforms) = postSolution
		{C1FF1688-6399-4B01-8EAB-3C473FF26BE4}.Debug|Any CPU.ActiveCfg = Debug|Any CPU
		{C1FF1688-6399-4B01-8EAB-3C473FF26BE4}.Debug|Any CPU.Build.0 = Debug|Any CPU
		{C1FF1688-6399-4B01-8EAB-3C473FF26BE4}.Release|Any CPU.ActiveCfg = Release|Any CPU
		{C1FF1688-6399-4B01-8EAB-3C473FF26BE4}.Release|Any CPU.Build.0 = Release|Any CPU
	EndGlobalSection
	GlobalSection(SolutionProperties) = preSolution
		HideSolutionNode = FALSE
	EndGlobalSection
	GlobalSection(ExtensibilityGlobals) = postSolution
		SolutionGuid = {C4B7309B-6D28-4F66-8761-C23CF67DA720}
	EndGlobalSection
EndGlobal
